// !$*UTF8*$!
{
	archiveVersion = 1;
	classes = {
	};
	objectVersion = 46;
	objects = {

/* Begin PBXBuildFile section */
		041B12AB1C1E54CD002658FB /* CoreFoundation.framework in Frameworks */ = {isa = PBXBuildFile; fileRef = 041B12AA1C1E54CD002658FB /* CoreFoundation.framework */; settings = {ATTRIBUTES = (Weak, ); }; };
		046E730A1C1CF62100C42781 /* Assets.xcassets in Resources */ = {isa = PBXBuildFile; fileRef = 046E73091C1CF62100C42781 /* Assets.xcassets */; };
		046E730D1C1CF62200C42781 /* LaunchScreen.storyboard in Resources */ = {isa = PBXBuildFile; fileRef = 046E730B1C1CF62200C42781 /* LaunchScreen.storyboard */; };
		046E73551C1D08D400C42781 /* AppDelegate.m in Sources */ = {isa = PBXBuildFile; fileRef = 046E733C1C1D08D400C42781 /* AppDelegate.m */; settings = {ASSET_TAGS = (); }; };
		046E73561C1D08D400C42781 /* main.m in Sources */ = {isa = PBXBuildFile; fileRef = 046E733D1C1D08D400C42781 /* main.m */; settings = {ASSET_TAGS = (); }; };
		046E73591C1D09CB00C42781 /* YLAdViewController.m in Sources */ = {isa = PBXBuildFile; fileRef = 046E73581C1D09CB00C42781 /* YLAdViewController.m */; settings = {ASSET_TAGS = (); }; };
		046E735B1C1D09E100C42781 /* Ad.storyboard in Resources */ = {isa = PBXBuildFile; fileRef = 046E735A1C1D09E100C42781 /* Ad.storyboard */; settings = {ASSET_TAGS = (); }; };
		04E905D31C1DD4920017B80C /* UIView+HMExtension.m in Sources */ = {isa = PBXBuildFile; fileRef = 04E905D21C1DD4920017B80C /* UIView+HMExtension.m */; settings = {ASSET_TAGS = (); }; };
		04E905D61C1DD63C0017B80C /* YLMainTabBarController.m in Sources */ = {isa = PBXBuildFile; fileRef = 04E905D51C1DD63C0017B80C /* YLMainTabBarController.m */; settings = {ASSET_TAGS = (); }; };
		04E905D91C1DD8810017B80C /* YLNavigationController.m in Sources */ = {isa = PBXBuildFile; fileRef = 04E905D81C1DD8810017B80C /* YLNavigationController.m */; settings = {ASSET_TAGS = (); }; };
		04E905DC1C1DD9660017B80C /* YLMainViewController.m in Sources */ = {isa = PBXBuildFile; fileRef = 04E905DB1C1DD9660017B80C /* YLMainViewController.m */; settings = {ASSET_TAGS = (); }; };
		04E905DE1C1DD97D0017B80C /* Main.storyboard in Resources */ = {isa = PBXBuildFile; fileRef = 04E905DD1C1DD97D0017B80C /* Main.storyboard */; settings = {ASSET_TAGS = (); }; };
		04E905E11C1DDA920017B80C /* YLReadingTableViewController.m in Sources */ = {isa = PBXBuildFile; fileRef = 04E905E01C1DDA920017B80C /* YLReadingTableViewController.m */; settings = {ASSET_TAGS = (); }; };
		04E905E31C1DDAA80017B80C /* Reading.storyboard in Resources */ = {isa = PBXBuildFile; fileRef = 04E905E21C1DDAA80017B80C /* Reading.storyboard */; settings = {ASSET_TAGS = (); }; };
		04E905E61C1DDB950017B80C /* YLDiscoverTableViewController.m in Sources */ = {isa = PBXBuildFile; fileRef = 04E905E51C1DDB950017B80C /* YLDiscoverTableViewController.m */; settings = {ASSET_TAGS = (); }; };
		04E905E81C1DDBA50017B80C /* Discover.storyboard in Resources */ = {isa = PBXBuildFile; fileRef = 04E905E71C1DDBA50017B80C /* Discover.storyboard */; settings = {ASSET_TAGS = (); }; };
		04E905EB1C1DDC000017B80C /* YLVideoViewController.m in Sources */ = {isa = PBXBuildFile; fileRef = 04E905EA1C1DDC000017B80C /* YLVideoViewController.m */; settings = {ASSET_TAGS = (); }; };
		04E905ED1C1DDC170017B80C /* Video.storyboard in Resources */ = {isa = PBXBuildFile; fileRef = 04E905EC1C1DDC170017B80C /* Video.storyboard */; settings = {ASSET_TAGS = (); }; };
		04E905F01C1DDC820017B80C /* YLMeViewController.m in Sources */ = {isa = PBXBuildFile; fileRef = 04E905EF1C1DDC820017B80C /* YLMeViewController.m */; settings = {ASSET_TAGS = (); }; };
		04E905F21C1DDC8D0017B80C /* Me.storyboard in Resources */ = {isa = PBXBuildFile; fileRef = 04E905F11C1DDC8D0017B80C /* Me.storyboard */; settings = {ASSET_TAGS = (); }; };
		04E905F51C1DE2310017B80C /* YLBottomTabBar.m in Sources */ = {isa = PBXBuildFile; fileRef = 04E905F41C1DE2310017B80C /* YLBottomTabBar.m */; settings = {ASSET_TAGS = (); }; };
		04E905F81C1DE2480017B80C /* YLBottomTabBarBtn.m in Sources */ = {isa = PBXBuildFile; fileRef = 04E905F71C1DE2480017B80C /* YLBottomTabBarBtn.m */; settings = {ASSET_TAGS = (); }; };
		1D66803D8E99559195D3D323 /* libPods.a in Frameworks */ = {isa = PBXBuildFile; fileRef = 0A29B362F02B5D174B549CBC /* libPods.a */; settings = {ATTRIBUTES = (Required, ); }; };
/* End PBXBuildFile section */

/* Begin PBXFileReference section */
		041B12AA1C1E54CD002658FB /* CoreFoundation.framework */ = {isa = PBXFileReference; lastKnownFileType = wrapper.framework; name = CoreFoundation.framework; path = System/Library/Frameworks/CoreFoundation.framework; sourceTree = SDKROOT; };
		046E72FA1C1CF62100C42781 /* 网易新闻.app */ = {isa = PBXFileReference; explicitFileType = wrapper.application; includeInIndex = 0; path = "网易新闻.app"; sourceTree = BUILT_PRODUCTS_DIR; };
		046E73091C1CF62100C42781 /* Assets.xcassets */ = {isa = PBXFileReference; lastKnownFileType = folder.assetcatalog; path = Assets.xcassets; sourceTree = "<group>"; };
		046E730C1C1CF62200C42781 /* Base */ = {isa = PBXFileReference; lastKnownFileType = file.storyboard; name = Base; path = Base.lproj/LaunchScreen.storyboard; sourceTree = "<group>"; };
		046E730E1C1CF62200C42781 /* Info.plist */ = {isa = PBXFileReference; lastKnownFileType = text.plist.xml; path = Info.plist; sourceTree = "<group>"; };
		046E733B1C1D08D400C42781 /* AppDelegate.h */ = {isa = PBXFileReference; fileEncoding = 4; lastKnownFileType = sourcecode.c.h; path = AppDelegate.h; sourceTree = "<group>"; };
		046E733C1C1D08D400C42781 /* AppDelegate.m */ = {isa = PBXFileReference; fileEncoding = 4; lastKnownFileType = sourcecode.c.objc; path = AppDelegate.m; sourceTree = "<group>"; };
		046E733D1C1D08D400C42781 /* main.m */ = {isa = PBXFileReference; fileEncoding = 4; lastKnownFileType = sourcecode.c.objc; path = main.m; sourceTree = "<group>"; };
		046E73571C1D09CB00C42781 /* YLAdViewController.h */ = {isa = PBXFileReference; fileEncoding = 4; lastKnownFileType = sourcecode.c.h; path = YLAdViewController.h; sourceTree = "<group>"; };
		046E73581C1D09CB00C42781 /* YLAdViewController.m */ = {isa = PBXFileReference; fileEncoding = 4; lastKnownFileType = sourcecode.c.objc; path = YLAdViewController.m; sourceTree = "<group>"; };
		046E735A1C1D09E100C42781 /* Ad.storyboard */ = {isa = PBXFileReference; fileEncoding = 4; lastKnownFileType = file.storyboard; path = Ad.storyboard; sourceTree = "<group>"; };
		04E905D11C1DD4920017B80C /* UIView+HMExtension.h */ = {isa = PBXFileReference; fileEncoding = 4; lastKnownFileType = sourcecode.c.h; path = "UIView+HMExtension.h"; sourceTree = "<group>"; };
		04E905D21C1DD4920017B80C /* UIView+HMExtension.m */ = {isa = PBXFileReference; fileEncoding = 4; lastKnownFileType = sourcecode.c.objc; path = "UIView+HMExtension.m"; sourceTree = "<group>"; };
		04E905D41C1DD63C0017B80C /* YLMainTabBarController.h */ = {isa = PBXFileReference; fileEncoding = 4; lastKnownFileType = sourcecode.c.h; path = YLMainTabBarController.h; sourceTree = "<group>"; };
		04E905D51C1DD63C0017B80C /* YLMainTabBarController.m */ = {isa = PBXFileReference; fileEncoding = 4; lastKnownFileType = sourcecode.c.objc; path = YLMainTabBarController.m; sourceTree = "<group>"; };
		04E905D71C1DD8810017B80C /* YLNavigationController.h */ = {isa = PBXFileReference; fileEncoding = 4; lastKnownFileType = sourcecode.c.h; path = YLNavigationController.h; sourceTree = "<group>"; };
		04E905D81C1DD8810017B80C /* YLNavigationController.m */ = {isa = PBXFileReference; fileEncoding = 4; lastKnownFileType = sourcecode.c.objc; path = YLNavigationController.m; sourceTree = "<group>"; };
		04E905DA1C1DD9660017B80C /* YLMainViewController.h */ = {isa = PBXFileReference; fileEncoding = 4; lastKnownFileType = sourcecode.c.h; path = YLMainViewController.h; sourceTree = "<group>"; };
		04E905DB1C1DD9660017B80C /* YLMainViewController.m */ = {isa = PBXFileReference; fileEncoding = 4; lastKnownFileType = sourcecode.c.objc; path = YLMainViewController.m; sourceTree = "<group>"; };
		04E905DD1C1DD97D0017B80C /* Main.storyboard */ = {isa = PBXFileReference; fileEncoding = 4; lastKnownFileType = file.storyboard; path = Main.storyboard; sourceTree = "<group>"; };
		04E905DF1C1DDA920017B80C /* YLReadingTableViewController.h */ = {isa = PBXFileReference; fileEncoding = 4; lastKnownFileType = sourcecode.c.h; path = YLReadingTableViewController.h; sourceTree = "<group>"; };
		04E905E01C1DDA920017B80C /* YLReadingTableViewController.m */ = {isa = PBXFileReference; fileEncoding = 4; lastKnownFileType = sourcecode.c.objc; path = YLReadingTableViewController.m; sourceTree = "<group>"; };
		04E905E21C1DDAA80017B80C /* Reading.storyboard */ = {isa = PBXFileReference; fileEncoding = 4; lastKnownFileType = file.storyboard; path = Reading.storyboard; sourceTree = "<group>"; };
		04E905E41C1DDB950017B80C /* YLDiscoverTableViewController.h */ = {isa = PBXFileReference; fileEncoding = 4; lastKnownFileType = sourcecode.c.h; path = YLDiscoverTableViewController.h; sourceTree = "<group>"; };
		04E905E51C1DDB950017B80C /* YLDiscoverTableViewController.m */ = {isa = PBXFileReference; fileEncoding = 4; lastKnownFileType = sourcecode.c.objc; path = YLDiscoverTableViewController.m; sourceTree = "<group>"; };
		04E905E71C1DDBA50017B80C /* Discover.storyboard */ = {isa = PBXFileReference; fileEncoding = 4; lastKnownFileType = file.storyboard; path = Discover.storyboard; sourceTree = "<group>"; };
		04E905E91C1DDC000017B80C /* YLVideoViewController.h */ = {isa = PBXFileReference; fileEncoding = 4; lastKnownFileType = sourcecode.c.h; path = YLVideoViewController.h; sourceTree = "<group>"; };
		04E905EA1C1DDC000017B80C /* YLVideoViewController.m */ = {isa = PBXFileReference; fileEncoding = 4; lastKnownFileType = sourcecode.c.objc; path = YLVideoViewController.m; sourceTree = "<group>"; };
		04E905EC1C1DDC170017B80C /* Video.storyboard */ = {isa = PBXFileReference; fileEncoding = 4; lastKnownFileType = file.storyboard; path = Video.storyboard; sourceTree = "<group>"; };
		04E905EE1C1DDC820017B80C /* YLMeViewController.h */ = {isa = PBXFileReference; fileEncoding = 4; lastKnownFileType = sourcecode.c.h; path = YLMeViewController.h; sourceTree = "<group>"; };
		04E905EF1C1DDC820017B80C /* YLMeViewController.m */ = {isa = PBXFileReference; fileEncoding = 4; lastKnownFileType = sourcecode.c.objc; path = YLMeViewController.m; sourceTree = "<group>"; };
		04E905F11C1DDC8D0017B80C /* Me.storyboard */ = {isa = PBXFileReference; fileEncoding = 4; lastKnownFileType = file.storyboard; path = Me.storyboard; sourceTree = "<group>"; };
		04E905F31C1DE2310017B80C /* YLBottomTabBar.h */ = {isa = PBXFileReference; fileEncoding = 4; lastKnownFileType = sourcecode.c.h; path = YLBottomTabBar.h; sourceTree = "<group>"; };
		04E905F41C1DE2310017B80C /* YLBottomTabBar.m */ = {isa = PBXFileReference; fileEncoding = 4; lastKnownFileType = sourcecode.c.objc; path = YLBottomTabBar.m; sourceTree = "<group>"; };
		04E905F61C1DE2480017B80C /* YLBottomTabBarBtn.h */ = {isa = PBXFileReference; fileEncoding = 4; lastKnownFileType = sourcecode.c.h; path = YLBottomTabBarBtn.h; sourceTree = "<group>"; };
		04E905F71C1DE2480017B80C /* YLBottomTabBarBtn.m */ = {isa = PBXFileReference; fileEncoding = 4; lastKnownFileType = sourcecode.c.objc; path = YLBottomTabBarBtn.m; sourceTree = "<group>"; };
		0A29B362F02B5D174B549CBC /* libPods.a */ = {isa = PBXFileReference; explicitFileType = archive.ar; includeInIndex = 0; path = libPods.a; sourceTree = BUILT_PRODUCTS_DIR; };
		70CE02E2CF7439D5DD12FF8B /* Pods.release.xcconfig */ = {isa = PBXFileReference; includeInIndex = 1; lastKnownFileType = text.xcconfig; name = Pods.release.xcconfig; path = "Pods/Target Support Files/Pods/Pods.release.xcconfig"; sourceTree = "<group>"; };
		DBEC6933F72AA2129F1FEE7D /* Pods.debug.xcconfig */ = {isa = PBXFileReference; includeInIndex = 1; lastKnownFileType = text.xcconfig; name = Pods.debug.xcconfig; path = "Pods/Target Support Files/Pods/Pods.debug.xcconfig"; sourceTree = "<group>"; };
/* End PBXFileReference section */

/* Begin PBXFrameworksBuildPhase section */
		046E72F71C1CF62100C42781 /* Frameworks */ = {
			isa = PBXFrameworksBuildPhase;
			buildActionMask = 2147483647;
			files = (
				041B12AB1C1E54CD002658FB /* CoreFoundation.framework in Frameworks */,
				1D66803D8E99559195D3D323 /* libPods.a in Frameworks */,
			);
			runOnlyForDeploymentPostprocessing = 0;
		};
/* End PBXFrameworksBuildPhase section */

/* Begin PBXGroup section */
		046E72F11C1CF62100C42781 = {
			isa = PBXGroup;
			children = (
				046E72FC1C1CF62100C42781 /* 网易新闻 */,
				046E72FB1C1CF62100C42781 /* Products */,
				BA2DB8A41CF62829DC329098 /* Pods */,
				705777907D53D9C446E926AB /* Frameworks */,
			);
			sourceTree = "<group>";
		};
		046E72FB1C1CF62100C42781 /* Products */ = {
			isa = PBXGroup;
			children = (
				046E72FA1C1CF62100C42781 /* 网易新闻.app */,
			);
			name = Products;
			sourceTree = "<group>";
		};
		046E72FC1C1CF62100C42781 /* 网易新闻 */ = {
			isa = PBXGroup;
			children = (
				046E73141C1D08D400C42781 /* Classes */,
				046E72FD1C1CF62100C42781 /* Supporting Files */,
			);
			path = "网易新闻";
			sourceTree = "<group>";
		};
		046E72FD1C1CF62100C42781 /* Supporting Files */ = {
			isa = PBXGroup;
			children = (
				046E73091C1CF62100C42781 /* Assets.xcassets */,
				046E730B1C1CF62200C42781 /* LaunchScreen.storyboard */,
				046E730E1C1CF62200C42781 /* Info.plist */,
			);
			name = "Supporting Files";
			sourceTree = "<group>";
		};
		046E73141C1D08D400C42781 /* Classes */ = {
			isa = PBXGroup;
			children = (
				046E73151C1D08D400C42781 /* Ad */,
				046E732D1C1D08D400C42781 /* MainTabBar */,
				046E73291C1D08D400C42781 /* Main-tabBar子控制器 */,
				046E73451C1D08D400C42781 /* Reading-tabBar子控制器 */,
				046E731D1C1D08D400C42781 /* Discover-tabBar子控制器 */,
				046E73511C1D08D400C42781 /* Video-tabBar子控制器 */,
				046E73311C1D08D400C42781 /* Me-tabBar子控制器 */,
				046E73211C1D08D400C42781 /* Headline-main子控制器 */,
				046E73351C1D08D400C42781 /* NewsDetail-点击头条cell跳转 */,
				046E734D1C1D08D400C42781 /* Society-main子控制器 */,
				046E73251C1D08D400C42781 /* LeftMenu-左侧菜单视图 */,
				046E73491C1D08D400C42781 /* Reply-跟帖控制器 */,
				046E73411C1D08D400C42781 /* Picture-图片控制器 */,
				046E73191C1D08D400C42781 /* CopySample-拷贝使用 */,
				046E73391C1D08D400C42781 /* Other */,
			);
			path = Classes;
			sourceTree = "<group>";
		};
		046E73151C1D08D400C42781 /* Ad */ = {
			isa = PBXGroup;
			children = (
				046E73161C1D08D400C42781 /* Controller */,
				046E73171C1D08D400C42781 /* Model */,
				046E73181C1D08D400C42781 /* View */,
			);
			path = Ad;
			sourceTree = "<group>";
		};
		046E73161C1D08D400C42781 /* Controller */ = {
			isa = PBXGroup;
			children = (
				046E73571C1D09CB00C42781 /* YLAdViewController.h */,
				046E73581C1D09CB00C42781 /* YLAdViewController.m */,
			);
			path = Controller;
			sourceTree = "<group>";
		};
		046E73171C1D08D400C42781 /* Model */ = {
			isa = PBXGroup;
			children = (
			);
			path = Model;
			sourceTree = "<group>";
		};
		046E73181C1D08D400C42781 /* View */ = {
			isa = PBXGroup;
			children = (
				046E735A1C1D09E100C42781 /* Ad.storyboard */,
			);
			path = View;
			sourceTree = "<group>";
		};
		046E73191C1D08D400C42781 /* CopySample-拷贝使用 */ = {
			isa = PBXGroup;
			children = (
				046E731A1C1D08D400C42781 /* Controller */,
				046E731B1C1D08D400C42781 /* Model */,
				046E731C1C1D08D400C42781 /* View */,
			);
			path = "CopySample-拷贝使用";
			sourceTree = "<group>";
		};
		046E731A1C1D08D400C42781 /* Controller */ = {
			isa = PBXGroup;
			children = (
			);
			path = Controller;
			sourceTree = "<group>";
		};
		046E731B1C1D08D400C42781 /* Model */ = {
			isa = PBXGroup;
			children = (
			);
			path = Model;
			sourceTree = "<group>";
		};
		046E731C1C1D08D400C42781 /* View */ = {
			isa = PBXGroup;
			children = (
			);
			path = View;
			sourceTree = "<group>";
		};
		046E731D1C1D08D400C42781 /* Discover-tabBar子控制器 */ = {
			isa = PBXGroup;
			children = (
				046E731E1C1D08D400C42781 /* Controller */,
				046E731F1C1D08D400C42781 /* Model */,
				046E73201C1D08D400C42781 /* View */,
			);
			path = "Discover-tabBar子控制器";
			sourceTree = "<group>";
		};
		046E731E1C1D08D400C42781 /* Controller */ = {
			isa = PBXGroup;
			children = (
				04E905E41C1DDB950017B80C /* YLDiscoverTableViewController.h */,
				04E905E51C1DDB950017B80C /* YLDiscoverTableViewController.m */,
			);
			path = Controller;
			sourceTree = "<group>";
		};
		046E731F1C1D08D400C42781 /* Model */ = {
			isa = PBXGroup;
			children = (
			);
			path = Model;
			sourceTree = "<group>";
		};
		046E73201C1D08D400C42781 /* View */ = {
			isa = PBXGroup;
			children = (
				04E905E71C1DDBA50017B80C /* Discover.storyboard */,
			);
			path = View;
			sourceTree = "<group>";
		};
		046E73211C1D08D400C42781 /* Headline-main子控制器 */ = {
			isa = PBXGroup;
			children = (
				046E73221C1D08D400C42781 /* Controller */,
				046E73231C1D08D400C42781 /* Model */,
				046E73241C1D08D400C42781 /* View */,
			);
			path = "Headline-main子控制器";
			sourceTree = "<group>";
		};
		046E73221C1D08D400C42781 /* Controller */ = {
			isa = PBXGroup;
			children = (
			);
			path = Controller;
			sourceTree = "<group>";
		};
		046E73231C1D08D400C42781 /* Model */ = {
			isa = PBXGroup;
			children = (
			);
			path = Model;
			sourceTree = "<group>";
		};
		046E73241C1D08D400C42781 /* View */ = {
			isa = PBXGroup;
			children = (
			);
			path = View;
			sourceTree = "<group>";
		};
		046E73251C1D08D400C42781 /* LeftMenu-左侧菜单视图 */ = {
			isa = PBXGroup;
			children = (
				046E73261C1D08D400C42781 /* Controller */,
				046E73271C1D08D400C42781 /* Model */,
				046E73281C1D08D400C42781 /* View */,
			);
			path = "LeftMenu-左侧菜单视图";
			sourceTree = "<group>";
		};
		046E73261C1D08D400C42781 /* Controller */ = {
			isa = PBXGroup;
			children = (
			);
			path = Controller;
			sourceTree = "<group>";
		};
		046E73271C1D08D400C42781 /* Model */ = {
			isa = PBXGroup;
			children = (
			);
			path = Model;
			sourceTree = "<group>";
		};
		046E73281C1D08D400C42781 /* View */ = {
			isa = PBXGroup;
			children = (
			);
			path = View;
			sourceTree = "<group>";
		};
		046E73291C1D08D400C42781 /* Main-tabBar子控制器 */ = {
			isa = PBXGroup;
			children = (
				046E732A1C1D08D400C42781 /* Controller */,
				046E732B1C1D08D400C42781 /* Model */,
				046E732C1C1D08D400C42781 /* View */,
			);
			path = "Main-tabBar子控制器";
			sourceTree = "<group>";
		};
		046E732A1C1D08D400C42781 /* Controller */ = {
			isa = PBXGroup;
			children = (
				04E905DA1C1DD9660017B80C /* YLMainViewController.h */,
				04E905DB1C1DD9660017B80C /* YLMainViewController.m */,
			);
			path = Controller;
			sourceTree = "<group>";
		};
		046E732B1C1D08D400C42781 /* Model */ = {
			isa = PBXGroup;
			children = (
			);
			path = Model;
			sourceTree = "<group>";
		};
		046E732C1C1D08D400C42781 /* View */ = {
			isa = PBXGroup;
			children = (
				04E905DD1C1DD97D0017B80C /* Main.storyboard */,
			);
			path = View;
			sourceTree = "<group>";
		};
		046E732D1C1D08D400C42781 /* MainTabBar */ = {
			isa = PBXGroup;
			children = (
				046E732E1C1D08D400C42781 /* Controller */,
				046E732F1C1D08D400C42781 /* Model */,
				046E73301C1D08D400C42781 /* View */,
			);
			path = MainTabBar;
			sourceTree = "<group>";
		};
		046E732E1C1D08D400C42781 /* Controller */ = {
			isa = PBXGroup;
			children = (
				04E905D41C1DD63C0017B80C /* YLMainTabBarController.h */,
				04E905D51C1DD63C0017B80C /* YLMainTabBarController.m */,
				04E905D71C1DD8810017B80C /* YLNavigationController.h */,
				04E905D81C1DD8810017B80C /* YLNavigationController.m */,
			);
			path = Controller;
			sourceTree = "<group>";
		};
		046E732F1C1D08D400C42781 /* Model */ = {
			isa = PBXGroup;
			children = (
			);
			path = Model;
			sourceTree = "<group>";
		};
		046E73301C1D08D400C42781 /* View */ = {
			isa = PBXGroup;
			children = (
				04E905F31C1DE2310017B80C /* YLBottomTabBar.h */,
				04E905F41C1DE2310017B80C /* YLBottomTabBar.m */,
				04E905F61C1DE2480017B80C /* YLBottomTabBarBtn.h */,
				04E905F71C1DE2480017B80C /* YLBottomTabBarBtn.m */,
			);
			path = View;
			sourceTree = "<group>";
		};
		046E73311C1D08D400C42781 /* Me-tabBar子控制器 */ = {
			isa = PBXGroup;
			children = (
				046E73321C1D08D400C42781 /* Controller */,
				046E73331C1D08D400C42781 /* Model */,
				046E73341C1D08D400C42781 /* View */,
			);
			path = "Me-tabBar子控制器";
			sourceTree = "<group>";
		};
		046E73321C1D08D400C42781 /* Controller */ = {
			isa = PBXGroup;
			children = (
				04E905EE1C1DDC820017B80C /* YLMeViewController.h */,
				04E905EF1C1DDC820017B80C /* YLMeViewController.m */,
			);
			path = Controller;
			sourceTree = "<group>";
		};
		046E73331C1D08D400C42781 /* Model */ = {
			isa = PBXGroup;
			children = (
			);
			path = Model;
			sourceTree = "<group>";
		};
		046E73341C1D08D400C42781 /* View */ = {
			isa = PBXGroup;
			children = (
				04E905F11C1DDC8D0017B80C /* Me.storyboard */,
			);
			path = View;
			sourceTree = "<group>";
		};
		046E73351C1D08D400C42781 /* NewsDetail-点击头条cell跳转 */ = {
			isa = PBXGroup;
			children = (
				046E73361C1D08D400C42781 /* Controller */,
				046E73371C1D08D400C42781 /* Model */,
				046E73381C1D08D400C42781 /* View */,
			);
			path = "NewsDetail-点击头条cell跳转";
			sourceTree = "<group>";
		};
		046E73361C1D08D400C42781 /* Controller */ = {
			isa = PBXGroup;
			children = (
			);
			path = Controller;
			sourceTree = "<group>";
		};
		046E73371C1D08D400C42781 /* Model */ = {
			isa = PBXGroup;
			children = (
			);
			path = Model;
			sourceTree = "<group>";
		};
		046E73381C1D08D400C42781 /* View */ = {
			isa = PBXGroup;
			children = (
			);
			path = View;
			sourceTree = "<group>";
		};
		046E73391C1D08D400C42781 /* Other */ = {
			isa = PBXGroup;
			children = (
				046E733A1C1D08D400C42781 /* Assets */,
				046E733E1C1D08D400C42781 /* Category */,
				046E733F1C1D08D400C42781 /* Libs */,
				046E73401C1D08D400C42781 /* Tools */,
			);
			path = Other;
			sourceTree = "<group>";
		};
		046E733A1C1D08D400C42781 /* Assets */ = {
			isa = PBXGroup;
			children = (
				046E733B1C1D08D400C42781 /* AppDelegate.h */,
				046E733C1C1D08D400C42781 /* AppDelegate.m */,
				046E733D1C1D08D400C42781 /* main.m */,
			);
			path = Assets;
			sourceTree = "<group>";
		};
		046E733E1C1D08D400C42781 /* Category */ = {
			isa = PBXGroup;
			children = (
				04E905D11C1DD4920017B80C /* UIView+HMExtension.h */,
				04E905D21C1DD4920017B80C /* UIView+HMExtension.m */,
			);
			path = Category;
			sourceTree = "<group>";
		};
		046E733F1C1D08D400C42781 /* Libs */ = {
			isa = PBXGroup;
			children = (
			);
			path = Libs;
			sourceTree = "<group>";
		};
		046E73401C1D08D400C42781 /* Tools */ = {
			isa = PBXGroup;
			children = (
			);
			path = Tools;
			sourceTree = "<group>";
		};
		046E73411C1D08D400C42781 /* Picture-图片控制器 */ = {
			isa = PBXGroup;
			children = (
				046E73421C1D08D400C42781 /* Controller */,
				046E73431C1D08D400C42781 /* Model */,
				046E73441C1D08D400C42781 /* View */,
			);
			path = "Picture-图片控制器";
			sourceTree = "<group>";
		};
		046E73421C1D08D400C42781 /* Controller */ = {
			isa = PBXGroup;
			children = (
			);
			path = Controller;
			sourceTree = "<group>";
		};
		046E73431C1D08D400C42781 /* Model */ = {
			isa = PBXGroup;
			children = (
			);
			path = Model;
			sourceTree = "<group>";
		};
		046E73441C1D08D400C42781 /* View */ = {
			isa = PBXGroup;
			children = (
			);
			path = View;
			sourceTree = "<group>";
		};
		046E73451C1D08D400C42781 /* Reading-tabBar子控制器 */ = {
			isa = PBXGroup;
			children = (
				046E73461C1D08D400C42781 /* Controller */,
				046E73471C1D08D400C42781 /* Model */,
				046E73481C1D08D400C42781 /* View */,
			);
			path = "Reading-tabBar子控制器";
			sourceTree = "<group>";
		};
		046E73461C1D08D400C42781 /* Controller */ = {
			isa = PBXGroup;
			children = (
				04E905DF1C1DDA920017B80C /* YLReadingTableViewController.h */,
				04E905E01C1DDA920017B80C /* YLReadingTableViewController.m */,
			);
			path = Controller;
			sourceTree = "<group>";
		};
		046E73471C1D08D400C42781 /* Model */ = {
			isa = PBXGroup;
			children = (
			);
			path = Model;
			sourceTree = "<group>";
		};
		046E73481C1D08D400C42781 /* View */ = {
			isa = PBXGroup;
			children = (
				04E905E21C1DDAA80017B80C /* Reading.storyboard */,
			);
			path = View;
			sourceTree = "<group>";
		};
		046E73491C1D08D400C42781 /* Reply-跟帖控制器 */ = {
			isa = PBXGroup;
			children = (
				046E734A1C1D08D400C42781 /* Controller */,
				046E734B1C1D08D400C42781 /* Model */,
				046E734C1C1D08D400C42781 /* View */,
			);
			path = "Reply-跟帖控制器";
			sourceTree = "<group>";
		};
		046E734A1C1D08D400C42781 /* Controller */ = {
			isa = PBXGroup;
			children = (
			);
			path = Controller;
			sourceTree = "<group>";
		};
		046E734B1C1D08D400C42781 /* Model */ = {
			isa = PBXGroup;
			children = (
			);
			path = Model;
			sourceTree = "<group>";
		};
		046E734C1C1D08D400C42781 /* View */ = {
			isa = PBXGroup;
			children = (
			);
			path = View;
			sourceTree = "<group>";
		};
		046E734D1C1D08D400C42781 /* Society-main子控制器 */ = {
			isa = PBXGroup;
			children = (
				046E734E1C1D08D400C42781 /* Controller */,
				046E734F1C1D08D400C42781 /* Model */,
				046E73501C1D08D400C42781 /* View */,
			);
			path = "Society-main子控制器";
			sourceTree = "<group>";
		};
		046E734E1C1D08D400C42781 /* Controller */ = {
			isa = PBXGroup;
			children = (
			);
			path = Controller;
			sourceTree = "<group>";
		};
		046E734F1C1D08D400C42781 /* Model */ = {
			isa = PBXGroup;
			children = (
			);
			path = Model;
			sourceTree = "<group>";
		};
		046E73501C1D08D400C42781 /* View */ = {
			isa = PBXGroup;
			children = (
			);
			path = View;
			sourceTree = "<group>";
		};
		046E73511C1D08D400C42781 /* Video-tabBar子控制器 */ = {
			isa = PBXGroup;
			children = (
				046E73521C1D08D400C42781 /* Controller */,
				046E73531C1D08D400C42781 /* Model */,
				046E73541C1D08D400C42781 /* View */,
			);
			path = "Video-tabBar子控制器";
			sourceTree = "<group>";
		};
		046E73521C1D08D400C42781 /* Controller */ = {
			isa = PBXGroup;
			children = (
				04E905E91C1DDC000017B80C /* YLVideoViewController.h */,
				04E905EA1C1DDC000017B80C /* YLVideoViewController.m */,
			);
			path = Controller;
			sourceTree = "<group>";
		};
		046E73531C1D08D400C42781 /* Model */ = {
			isa = PBXGroup;
			children = (
			);
			path = Model;
			sourceTree = "<group>";
		};
		046E73541C1D08D400C42781 /* View */ = {
			isa = PBXGroup;
			children = (
				04E905EC1C1DDC170017B80C /* Video.storyboard */,
			);
			path = View;
			sourceTree = "<group>";
		};
		705777907D53D9C446E926AB /* Frameworks */ = {
			isa = PBXGroup;
			children = (
				041B12AA1C1E54CD002658FB /* CoreFoundation.framework */,
				0A29B362F02B5D174B549CBC /* libPods.a */,
			);
			name = Frameworks;
			sourceTree = "<group>";
		};
		BA2DB8A41CF62829DC329098 /* Pods */ = {
			isa = PBXGroup;
			children = (
				DBEC6933F72AA2129F1FEE7D /* Pods.debug.xcconfig */,
				70CE02E2CF7439D5DD12FF8B /* Pods.release.xcconfig */,
			);
			name = Pods;
			sourceTree = "<group>";
		};
/* End PBXGroup section */

/* Begin PBXNativeTarget section */
		046E72F91C1CF62100C42781 /* 网易新闻 */ = {
			isa = PBXNativeTarget;
			buildConfigurationList = 046E73111C1CF62200C42781 /* Build configuration list for PBXNativeTarget "网易新闻" */;
			buildPhases = (
				F280B96C921BA2C2B1E641D6 /* Check Pods Manifest.lock */,
				046E72F61C1CF62100C42781 /* Sources */,
				046E72F71C1CF62100C42781 /* Frameworks */,
				046E72F81C1CF62100C42781 /* Resources */,
				F2662D8934D06EFD79061BFF /* Embed Pods Frameworks */,
				259CDFA421657D7A4E527F7C /* Copy Pods Resources */,
			);
			buildRules = (
			);
			dependencies = (
			);
			name = "网易新闻";
			productName = "网易新闻";
			productReference = 046E72FA1C1CF62100C42781 /* 网易新闻.app */;
			productType = "com.apple.product-type.application";
		};
/* End PBXNativeTarget section */

/* Begin PBXProject section */
		046E72F21C1CF62100C42781 /* Project object */ = {
			isa = PBXProject;
			attributes = {
				CLASSPREFIX = YL;
				LastUpgradeCheck = 0700;
				ORGANIZATIONNAME = mac;
				TargetAttributes = {
					046E72F91C1CF62100C42781 = {
						CreatedOnToolsVersion = 7.0;
						DevelopmentTeam = 6J58DQPMKM;
					};
				};
			};
			buildConfigurationList = 046E72F51C1CF62100C42781 /* Build configuration list for PBXProject "网易新闻" */;
			compatibilityVersion = "Xcode 3.2";
			developmentRegion = English;
			hasScannedForEncodings = 0;
			knownRegions = (
				en,
				Base,
			);
			mainGroup = 046E72F11C1CF62100C42781;
			productRefGroup = 046E72FB1C1CF62100C42781 /* Products */;
			projectDirPath = "";
			projectRoot = "";
			targets = (
				046E72F91C1CF62100C42781 /* 网易新闻 */,
			);
		};
/* End PBXProject section */

/* Begin PBXResourcesBuildPhase section */
		046E72F81C1CF62100C42781 /* Resources */ = {
			isa = PBXResourcesBuildPhase;
			buildActionMask = 2147483647;
			files = (
				046E730D1C1CF62200C42781 /* LaunchScreen.storyboard in Resources */,
				04E905E31C1DDAA80017B80C /* Reading.storyboard in Resources */,
				046E735B1C1D09E100C42781 /* Ad.storyboard in Resources */,
				046E730A1C1CF62100C42781 /* Assets.xcassets in Resources */,
				04E905ED1C1DDC170017B80C /* Video.storyboard in Resources */,
				04E905DE1C1DD97D0017B80C /* Main.storyboard in Resources */,
				04E905F21C1DDC8D0017B80C /* Me.storyboard in Resources */,
				04E905E81C1DDBA50017B80C /* Discover.storyboard in Resources */,
			);
			runOnlyForDeploymentPostprocessing = 0;
		};
/* End PBXResourcesBuildPhase section */

/* Begin PBXShellScriptBuildPhase section */
		259CDFA421657D7A4E527F7C /* Copy Pods Resources */ = {
			isa = PBXShellScriptBuildPhase;
			buildActionMask = 2147483647;
			files = (
			);
			inputPaths = (
			);
			name = "Copy Pods Resources";
			outputPaths = (
			);
			runOnlyForDeploymentPostprocessing = 0;
			shellPath = /bin/sh;
			shellScript = "\"${SRCROOT}/Pods/Target Support Files/Pods/Pods-resources.sh\"\n";
			showEnvVarsInLog = 0;
		};
		F2662D8934D06EFD79061BFF /* Embed Pods Frameworks */ = {
			isa = PBXShellScriptBuildPhase;
			buildActionMask = 2147483647;
			files = (
			);
			inputPaths = (
			);
			name = "Embed Pods Frameworks";
			outputPaths = (
			);
			runOnlyForDeploymentPostprocessing = 0;
			shellPath = /bin/sh;
			shellScript = "\"${SRCROOT}/Pods/Target Support Files/Pods/Pods-frameworks.sh\"\n";
			showEnvVarsInLog = 0;
		};
		F280B96C921BA2C2B1E641D6 /* Check Pods Manifest.lock */ = {
			isa = PBXShellScriptBuildPhase;
			buildActionMask = 2147483647;
			files = (
			);
			inputPaths = (
			);
			name = "Check Pods Manifest.lock";
			outputPaths = (
			);
			runOnlyForDeploymentPostprocessing = 0;
			shellPath = /bin/sh;
			shellScript = "diff \"${PODS_ROOT}/../Podfile.lock\" \"${PODS_ROOT}/Manifest.lock\" > /dev/null\nif [[ $? != 0 ]] ; then\n    cat << EOM\nerror: The sandbox is not in sync with the Podfile.lock. Run 'pod install' or update your CocoaPods installation.\nEOM\n    exit 1\nfi\n";
			showEnvVarsInLog = 0;
		};
/* End PBXShellScriptBuildPhase section */

/* Begin PBXSourcesBuildPhase section */
		046E72F61C1CF62100C42781 /* Sources */ = {
			isa = PBXSourcesBuildPhase;
			buildActionMask = 2147483647;
			files = (
				04E905E61C1DDB950017B80C /* YLDiscoverTableViewController.m in Sources */,
				04E905F51C1DE2310017B80C /* YLBottomTabBar.m in Sources */,
				046E73561C1D08D400C42781 /* main.m in Sources */,
				04E905F01C1DDC820017B80C /* YLMeViewController.m in Sources */,
				04E905D31C1DD4920017B80C /* UIView+HMExtension.m in Sources */,
				04E905D91C1DD8810017B80C /* YLNavigationController.m in Sources */,
				04E905D61C1DD63C0017B80C /* YLMainTabBarController.m in Sources */,
				04E905EB1C1DDC000017B80C /* YLVideoViewController.m in Sources */,
				046E73551C1D08D400C42781 /* AppDelegate.m in Sources */,
				04E905F81C1DE2480017B80C /* YLBottomTabBarBtn.m in Sources */,
				04E905DC1C1DD9660017B80C /* YLMainViewController.m in Sources */,
				046E73591C1D09CB00C42781 /* YLAdViewController.m in Sources */,
				04E905E11C1DDA920017B80C /* YLReadingTableViewController.m in Sources */,
			);
			runOnlyForDeploymentPostprocessing = 0;
		};
/* End PBXSourcesBuildPhase section */

/* Begin PBXVariantGroup section */
		046E730B1C1CF62200C42781 /* LaunchScreen.storyboard */ = {
			isa = PBXVariantGroup;
			children = (
				046E730C1C1CF62200C42781 /* Base */,
			);
			name = LaunchScreen.storyboard;
			sourceTree = "<group>";
		};
/* End PBXVariantGroup section */

/* Begin XCBuildConfiguration section */
		046E730F1C1CF62200C42781 /* Debug */ = {
			isa = XCBuildConfiguration;
			buildSettings = {
				ALWAYS_SEARCH_USER_PATHS = NO;
				CLANG_CXX_LANGUAGE_STANDARD = "gnu++0x";
				CLANG_CXX_LIBRARY = "libc++";
				CLANG_ENABLE_MODULES = YES;
				CLANG_ENABLE_OBJC_ARC = YES;
				CLANG_WARN_BOOL_CONVERSION = YES;
				CLANG_WARN_CONSTANT_CONVERSION = YES;
				CLANG_WARN_DIRECT_OBJC_ISA_USAGE = YES_ERROR;
				CLANG_WARN_EMPTY_BODY = YES;
				CLANG_WARN_ENUM_CONVERSION = YES;
				CLANG_WARN_INT_CONVERSION = YES;
				CLANG_WARN_OBJC_ROOT_CLASS = YES_ERROR;
				CLANG_WARN_UNREACHABLE_CODE = YES;
				CLANG_WARN__DUPLICATE_METHOD_MATCH = YES;
				"CODE_SIGN_IDENTITY[sdk=iphoneos*]" = "iPhone Developer";
				COPY_PHASE_STRIP = NO;
				DEBUG_INFORMATION_FORMAT = dwarf;
				ENABLE_STRICT_OBJC_MSGSEND = YES;
				ENABLE_TESTABILITY = YES;
				GCC_C_LANGUAGE_STANDARD = gnu99;
				GCC_DYNAMIC_NO_PIC = NO;
				GCC_NO_COMMON_BLOCKS = YES;
				GCC_OPTIMIZATION_LEVEL = 0;
				GCC_PREPROCESSOR_DEFINITIONS = (
					"DEBUG=1",
					"$(inherited)",
				);
				GCC_WARN_64_TO_32_BIT_CONVERSION = YES;
				GCC_WARN_ABOUT_RETURN_TYPE = YES_ERROR;
				GCC_WARN_UNDECLARED_SELECTOR = YES;
				GCC_WARN_UNINITIALIZED_AUTOS = YES_AGGRESSIVE;
				GCC_WARN_UNUSED_FUNCTION = YES;
				GCC_WARN_UNUSED_VARIABLE = YES;
				IPHONEOS_DEPLOYMENT_TARGET = 9.0;
				MTL_ENABLE_DEBUG_INFO = YES;
				ONLY_ACTIVE_ARCH = YES;
				SDKROOT = iphoneos;
				TARGETED_DEVICE_FAMILY = "1,2";
			};
			name = Debug;
		};
		046E73101C1CF62200C42781 /* Release */ = {
			isa = XCBuildConfiguration;
			buildSettings = {
				ALWAYS_SEARCH_USER_PATHS = NO;
				CLANG_CXX_LANGUAGE_STANDARD = "gnu++0x";
				CLANG_CXX_LIBRARY = "libc++";
				CLANG_ENABLE_MODULES = YES;
				CLANG_ENABLE_OBJC_ARC = YES;
				CLANG_WARN_BOOL_CONVERSION = YES;
				CLANG_WARN_CONSTANT_CONVERSION = YES;
				CLANG_WARN_DIRECT_OBJC_ISA_USAGE = YES_ERROR;
				CLANG_WARN_EMPTY_BODY = YES;
				CLANG_WARN_ENUM_CONVERSION = YES;
				CLANG_WARN_INT_CONVERSION = YES;
				CLANG_WARN_OBJC_ROOT_CLASS = YES_ERROR;
				CLANG_WARN_UNREACHABLE_CODE = YES;
				CLANG_WARN__DUPLICATE_METHOD_MATCH = YES;
				"CODE_SIGN_IDENTITY[sdk=iphoneos*]" = "iPhone Developer";
				COPY_PHASE_STRIP = NO;
				DEBUG_INFORMATION_FORMAT = "dwarf-with-dsym";
				ENABLE_NS_ASSERTIONS = NO;
				ENABLE_STRICT_OBJC_MSGSEND = YES;
				GCC_C_LANGUAGE_STANDARD = gnu99;
				GCC_NO_COMMON_BLOCKS = YES;
				GCC_WARN_64_TO_32_BIT_CONVERSION = YES;
				GCC_WARN_ABOUT_RETURN_TYPE = YES_ERROR;
				GCC_WARN_UNDECLARED_SELECTOR = YES;
				GCC_WARN_UNINITIALIZED_AUTOS = YES_AGGRESSIVE;
				GCC_WARN_UNUSED_FUNCTION = YES;
				GCC_WARN_UNUSED_VARIABLE = YES;
				IPHONEOS_DEPLOYMENT_TARGET = 9.0;
				MTL_ENABLE_DEBUG_INFO = NO;
				SDKROOT = iphoneos;
				TARGETED_DEVICE_FAMILY = "1,2";
				VALIDATE_PRODUCT = YES;
			};
			name = Release;
		};
		046E73121C1CF62200C42781 /* Debug */ = {
			isa = XCBuildConfiguration;
			baseConfigurationReference = DBEC6933F72AA2129F1FEE7D /* Pods.debug.xcconfig */;
			buildSettings = {
				ASSETCATALOG_COMPILER_APPICON_NAME = AppIcon;
				CODE_SIGN_IDENTITY = "iPhone Developer";
				INFOPLIST_FILE = "网易新闻/Info.plist";
				IPHONEOS_DEPLOYMENT_TARGET = 8.0;
				LD_RUNPATH_SEARCH_PATHS = "$(inherited) @executable_path/Frameworks";
				PRODUCT_BUNDLE_IDENTIFIER = "cn.yanlgliu.----";
				PRODUCT_NAME = "$(TARGET_NAME)";
			};
			name = Debug;
		};
		046E73131C1CF62200C42781 /* Release */ = {
			isa = XCBuildConfiguration;
			baseConfigurationReference = 70CE02E2CF7439D5DD12FF8B /* Pods.release.xcconfig */;
			buildSettings = {
				ASSETCATALOG_COMPILER_APPICON_NAME = AppIcon;
				CODE_SIGN_IDENTITY = "iPhone Developer";
				INFOPLIST_FILE = "网易新闻/Info.plist";
				IPHONEOS_DEPLOYMENT_TARGET = 8.0;
				LD_RUNPATH_SEARCH_PATHS = "$(inherited) @executable_path/Frameworks";
				PRODUCT_BUNDLE_IDENTIFIER = "cn.yanlgliu.----";
				PRODUCT_NAME = "$(TARGET_NAME)";
			};
			name = Release;
		};
/* End XCBuildConfiguration section */

/* Begin XCConfigurationList section */
		046E72F51C1CF62100C42781 /* Build configuration list for PBXProject "网易新闻" */ = {
			isa = XCConfigurationList;
			buildConfigurations = (
				046E730F1C1CF62200C42781 /* Debug */,
				046E73101C1CF62200C42781 /* Release */,
			);
			defaultConfigurationIsVisible = 0;
			defaultConfigurationName = Release;
		};
		046E73111C1CF62200C42781 /* Build configuration list for PBXNativeTarget "网易新闻" */ = {
			isa = XCConfigurationList;
			buildConfigurations = (
				046E73121C1CF62200C42781 /* Debug */,
				046E73131C1CF62200C42781 /* Release */,
			);
			defaultConfigurationIsVisible = 0;
			defaultConfigurationName = Release;
		};
/* End XCConfigurationList section */
	};
	rootObject = 046E72F21C1CF62100C42781 /* Project object */;
}
